
Microsoft Visual Studio Solution File, Format Version 12.00
# Visual Studio 15
VisualStudioVersion = 15.0.27428.2015
MinimumVisualStudioVersion = 10.0.40219.1
Project("{FAE04EC0-301F-11D3-BF4B-00C04F79EFBC}") = "somUsageAnaysys", "somUsageAnaysys.csproj", "{19142902-60AC-4E9F-90E1-C249CD644BE7}"
EndProject
Global
	GlobalSection(SolutionConfigurationPlatforms) = preSolution
		Debug|Any CPU = Debug|Any CPU
		Release|Any CPU = Release|Any CPU
	EndGlobalSection
	GlobalSection(ProjectConfigurationPlatforms) = postSolution
		{19142902-60AC-4E9F-90E1-C249CD644BE7}.Debug|Any CPU.ActiveCfg = Debug|Any CPU
		{19142902-60AC-4E9F-90E1-C249CD644BE7}.Debug|Any CPU.Build.0 = Debug|Any CPU
		{19142902-60AC-4E9F-90E1-C249CD644BE7}.Release|Any CPU.ActiveCfg = Release|Any CPU
		{19142902-60AC-4E9F-90E1-C249CD644BE7}.Release|Any CPU.Build.0 = Release|Any CPU
	EndGlobalSection
	GlobalSection(SolutionProperties) = preSolution
		HideSolutionNode = FALSE
	EndGlobalSection
	GlobalSection(ExtensibilityGlobals) = postSolution
		SolutionGuid = {FD5A1B50-0793-4B37-B203-E910AD6902B0}
	EndGlobalSection
EndGlobal
